
Microsoft Visual Studio Solution File, Format Version 12.00
# Visual Studio Version 17
VisualStudioVersion = 17.1.32319.34
MinimumVisualStudioVersion = 10.0.40219.1
Project("{2150E333-8FDC-42A3-9474-1A3956D46DE8}") = "src", "src", "{5EAF1C45-4E3E-452A-93F4-D12DBE32FD7E}"
EndProject
Project("{2150E333-8FDC-42A3-9474-1A3956D46DE8}") = "Building Blocks", "Building Blocks", "{18BB9A56-ACEE-43E8-8CDB-1BFEB13E5417}"
EndProject
Project("{2150E333-8FDC-42A3-9474-1A3956D46DE8}") = "Services", "Services", "{0A639887-25D1-4BEF-9FC7-7C34E0FCF8EA}"
EndProject
Project("{2150E333-8FDC-42A3-9474-1A3956D46DE8}") = "Identidade", "Identidade", "{EDD11338-402E-4142-A96D-2608D177B6A9}"
EndProject
Project("{9A19103F-16F7-4668-BE54-9A1E7A4F7556}") = "NSE.Identidade.API", "src\services\NSE.Identidade.API\NSE.Identidade.API.csproj", "{206C7154-33E1-4B30-83C7-83C4C211C287}"
EndProject
Project("{2150E333-8FDC-42A3-9474-1A3956D46DE8}") = "Core", "Core", "{A6A1418A-E743-44BD-9CFD-26C5BE065A5E}"
EndProject
Project("{9A19103F-16F7-4668-BE54-9A1E7A4F7556}") = "NSE.Core", "src\buildingBlocks\NSE.Core\NSE.Core.csproj", "{C05EFBC5-C1D6-42A5-AC6F-EAF141F4DC9C}"
EndProject
Project("{2150E333-8FDC-42A3-9474-1A3956D46DE8}") = "Carrinho", "Carrinho", "{1FF63914-86EB-4D29-8D5A-3DA62F72B702}"
EndProject
Project("{2150E333-8FDC-42A3-9474-1A3956D46DE8}") = "Catalogo", "Catalogo", "{DB39FE27-0A60-4C2B-9BE7-91A91C22C9F9}"
EndProject
Project("{2150E333-8FDC-42A3-9474-1A3956D46DE8}") = "Cliente", "Cliente", "{8E79698D-6BAB-4DAC-B82B-5F302587C342}"
EndProject
Project("{2150E333-8FDC-42A3-9474-1A3956D46DE8}") = "Pagamento", "Pagamento", "{397B1C25-7A85-4397-9052-3351FBCD5907}"
EndProject
Project("{2150E333-8FDC-42A3-9474-1A3956D46DE8}") = "Pedido", "Pedido", "{D56AA98C-23F5-43BC-A5E4-FB56DB4E2A20}"
EndProject
Project("{FAE04EC0-301F-11D3-BF4B-00C04F79EFBC}") = "NSE.Carrinho.API", "src\services\NSE.Carrinho.API\NSE.Carrinho.API.csproj", "{DBF7A0A0-600F-4047-8A87-36AE11E79D1E}"
EndProject
Project("{FAE04EC0-301F-11D3-BF4B-00C04F79EFBC}") = "NSE.Catalogo.API", "src\services\NSE.Catalogo.API\NSE.Catalogo.API.csproj", "{711CF710-CA9F-445D-9FE0-2384632C02A3}"
EndProject
Project("{FAE04EC0-301F-11D3-BF4B-00C04F79EFBC}") = "NSE.Cliente.API", "src\services\NSE.Cliente.API\NSE.Cliente.API.csproj", "{4B300923-231D-4183-8DB8-5B8CF37C924F}"
EndProject
Project("{FAE04EC0-301F-11D3-BF4B-00C04F79EFBC}") = "NSE.Pagamento.API", "src\services\NSE.Pagamento.API\NSE.Pagamento.API.csproj", "{4ECFE3F6-FBFE-4E4F-933E-220FA6F73FC7}"
EndProject
Project("{FAE04EC0-301F-11D3-BF4B-00C04F79EFBC}") = "NSE.Pedido.API", "src\services\NSE.Pedido.API\NSE.Pedido.API.csproj", "{45FD16FC-D9AB-4447-BCD5-96D852543F4C}"
EndProject
Global
	GlobalSection(SolutionConfigurationPlatforms) = preSolution
		Debug|Any CPU = Debug|Any CPU
		Release|Any CPU = Release|Any CPU
	EndGlobalSection
	GlobalSection(ProjectConfigurationPlatforms) = postSolution
		{206C7154-33E1-4B30-83C7-83C4C211C287}.Debug|Any CPU.ActiveCfg = Debug|Any CPU
		{206C7154-33E1-4B30-83C7-83C4C211C287}.Debug|Any CPU.Build.0 = Debug|Any CPU
		{206C7154-33E1-4B30-83C7-83C4C211C287}.Release|Any CPU.ActiveCfg = Release|Any CPU
		{206C7154-33E1-4B30-83C7-83C4C211C287}.Release|Any CPU.Build.0 = Release|Any CPU
		{C05EFBC5-C1D6-42A5-AC6F-EAF141F4DC9C}.Debug|Any CPU.ActiveCfg = Debug|Any CPU
		{C05EFBC5-C1D6-42A5-AC6F-EAF141F4DC9C}.Debug|Any CPU.Build.0 = Debug|Any CPU
		{C05EFBC5-C1D6-42A5-AC6F-EAF141F4DC9C}.Release|Any CPU.ActiveCfg = Release|Any CPU
		{C05EFBC5-C1D6-42A5-AC6F-EAF141F4DC9C}.Release|Any CPU.Build.0 = Release|Any CPU
		{DBF7A0A0-600F-4047-8A87-36AE11E79D1E}.Debug|Any CPU.ActiveCfg = Debug|Any CPU
		{DBF7A0A0-600F-4047-8A87-36AE11E79D1E}.Debug|Any CPU.Build.0 = Debug|Any CPU
		{DBF7A0A0-600F-4047-8A87-36AE11E79D1E}.Release|Any CPU.ActiveCfg = Release|Any CPU
		{DBF7A0A0-600F-4047-8A87-36AE11E79D1E}.Release|Any CPU.Build.0 = Release|Any CPU
		{711CF710-CA9F-445D-9FE0-2384632C02A3}.Debug|Any CPU.ActiveCfg = Debug|Any CPU
		{711CF710-CA9F-445D-9FE0-2384632C02A3}.Debug|Any CPU.Build.0 = Debug|Any CPU
		{711CF710-CA9F-445D-9FE0-2384632C02A3}.Release|Any CPU.ActiveCfg = Release|Any CPU
		{711CF710-CA9F-445D-9FE0-2384632C02A3}.Release|Any CPU.Build.0 = Release|Any CPU
		{4B300923-231D-4183-8DB8-5B8CF37C924F}.Debug|Any CPU.ActiveCfg = Debug|Any CPU
		{4B300923-231D-4183-8DB8-5B8CF37C924F}.Debug|Any CPU.Build.0 = Debug|Any CPU
		{4B300923-231D-4183-8DB8-5B8CF37C924F}.Release|Any CPU.ActiveCfg = Release|Any CPU
		{4B300923-231D-4183-8DB8-5B8CF37C924F}.Release|Any CPU.Build.0 = Release|Any CPU
		{4ECFE3F6-FBFE-4E4F-933E-220FA6F73FC7}.Debug|Any CPU.ActiveCfg = Debug|Any CPU
		{4ECFE3F6-FBFE-4E4F-933E-220FA6F73FC7}.Debug|Any CPU.Build.0 = Debug|Any CPU
		{4ECFE3F6-FBFE-4E4F-933E-220FA6F73FC7}.Release|Any CPU.ActiveCfg = Release|Any CPU
		{4ECFE3F6-FBFE-4E4F-933E-220FA6F73FC7}.Release|Any CPU.Build.0 = Release|Any CPU
		{45FD16FC-D9AB-4447-BCD5-96D852543F4C}.Debug|Any CPU.ActiveCfg = Debug|Any CPU
		{45FD16FC-D9AB-4447-BCD5-96D852543F4C}.Debug|Any CPU.Build.0 = Debug|Any CPU
		{45FD16FC-D9AB-4447-BCD5-96D852543F4C}.Release|Any CPU.ActiveCfg = Release|Any CPU
		{45FD16FC-D9AB-4447-BCD5-96D852543F4C}.Release|Any CPU.Build.0 = Release|Any CPU
	EndGlobalSection
	GlobalSection(SolutionProperties) = preSolution
		HideSolutionNode = FALSE
	EndGlobalSection
	GlobalSection(NestedProjects) = preSolution
		{18BB9A56-ACEE-43E8-8CDB-1BFEB13E5417} = {5EAF1C45-4E3E-452A-93F4-D12DBE32FD7E}
		{0A639887-25D1-4BEF-9FC7-7C34E0FCF8EA} = {5EAF1C45-4E3E-452A-93F4-D12DBE32FD7E}
		{EDD11338-402E-4142-A96D-2608D177B6A9} = {0A639887-25D1-4BEF-9FC7-7C34E0FCF8EA}
		{206C7154-33E1-4B30-83C7-83C4C211C287} = {EDD11338-402E-4142-A96D-2608D177B6A9}
		{A6A1418A-E743-44BD-9CFD-26C5BE065A5E} = {18BB9A56-ACEE-43E8-8CDB-1BFEB13E5417}
		{C05EFBC5-C1D6-42A5-AC6F-EAF141F4DC9C} = {A6A1418A-E743-44BD-9CFD-26C5BE065A5E}
		{1FF63914-86EB-4D29-8D5A-3DA62F72B702} = {0A639887-25D1-4BEF-9FC7-7C34E0FCF8EA}
		{DB39FE27-0A60-4C2B-9BE7-91A91C22C9F9} = {0A639887-25D1-4BEF-9FC7-7C34E0FCF8EA}
		{8E79698D-6BAB-4DAC-B82B-5F302587C342} = {0A639887-25D1-4BEF-9FC7-7C34E0FCF8EA}
		{397B1C25-7A85-4397-9052-3351FBCD5907} = {0A639887-25D1-4BEF-9FC7-7C34E0FCF8EA}
		{D56AA98C-23F5-43BC-A5E4-FB56DB4E2A20} = {0A639887-25D1-4BEF-9FC7-7C34E0FCF8EA}
		{DBF7A0A0-600F-4047-8A87-36AE11E79D1E} = {1FF63914-86EB-4D29-8D5A-3DA62F72B702}
		{711CF710-CA9F-445D-9FE0-2384632C02A3} = {DB39FE27-0A60-4C2B-9BE7-91A91C22C9F9}
		{4B300923-231D-4183-8DB8-5B8CF37C924F} = {8E79698D-6BAB-4DAC-B82B-5F302587C342}
		{4ECFE3F6-FBFE-4E4F-933E-220FA6F73FC7} = {397B1C25-7A85-4397-9052-3351FBCD5907}
		{45FD16FC-D9AB-4447-BCD5-96D852543F4C} = {D56AA98C-23F5-43BC-A5E4-FB56DB4E2A20}
	EndGlobalSection
	GlobalSection(ExtensibilityGlobals) = postSolution
		SolutionGuid = {E93BE664-F5DB-462D-9CD0-DBEBA4A371E6}
	EndGlobalSection
EndGlobal
